
Microsoft Visual Studio Solution File, Format Version 12.00
# Visual Studio Version 17
VisualStudioVersion = 17.8.34309.116
MinimumVisualStudioVersion = 10.0.40219.1
Project("{FAE04EC0-301F-11D3-BF4B-00C04F79EFBC}") = "Student-Grade-Project", "Student-Grade-Project\Student-Grade-Project.csproj", "{87828725-3CE2-4863-8389-976FBF6C3546}"
EndProject
Global
	GlobalSection(SolutionConfigurationPlatforms) = preSolution
		Debug|Any CPU = Debug|Any CPU
		Release|Any CPU = Release|Any CPU
	EndGlobalSection
	GlobalSection(ProjectConfigurationPlatforms) = postSolution
		{87828725-3CE2-4863-8389-976FBF6C3546}.Debug|Any CPU.ActiveCfg = Debug|Any CPU
		{87828725-3CE2-4863-8389-976FBF6C3546}.Debug|Any CPU.Build.0 = Debug|Any CPU
		{87828725-3CE2-4863-8389-976FBF6C3546}.Release|Any CPU.ActiveCfg = Release|Any CPU
		{87828725-3CE2-4863-8389-976FBF6C3546}.Release|Any CPU.Build.0 = Release|Any CPU
	EndGlobalSection
	GlobalSection(SolutionProperties) = preSolution
		HideSolutionNode = FALSE
	EndGlobalSection
	GlobalSection(ExtensibilityGlobals) = postSolution
		SolutionGuid = {F5A39925-29A8-4904-BD68-1512A2E55CE0}
	EndGlobalSection
EndGlobal
