
Microsoft Visual Studio Solution File, Format Version 12.00
# Visual Studio Version 17
VisualStudioVersion = 17.8.34309.116
MinimumVisualStudioVersion = 10.0.40219.1
Project("{FAE04EC0-301F-11D3-BF4B-00C04F79EFBC}") = "label-class-project", "label-class-project\label-class-project.csproj", "{87B823C8-E43E-4D17-8223-F7BD712CA8CE}"
EndProject
Global
	GlobalSection(SolutionConfigurationPlatforms) = preSolution
		Debug|Any CPU = Debug|Any CPU
		Release|Any CPU = Release|Any CPU
	EndGlobalSection
	GlobalSection(ProjectConfigurationPlatforms) = postSolution
		{87B823C8-E43E-4D17-8223-F7BD712CA8CE}.Debug|Any CPU.ActiveCfg = Debug|Any CPU
		{87B823C8-E43E-4D17-8223-F7BD712CA8CE}.Debug|Any CPU.Build.0 = Debug|Any CPU
		{87B823C8-E43E-4D17-8223-F7BD712CA8CE}.Release|Any CPU.ActiveCfg = Release|Any CPU
		{87B823C8-E43E-4D17-8223-F7BD712CA8CE}.Release|Any CPU.Build.0 = Release|Any CPU
	EndGlobalSection
	GlobalSection(SolutionProperties) = preSolution
		HideSolutionNode = FALSE
	EndGlobalSection
	GlobalSection(ExtensibilityGlobals) = postSolution
		SolutionGuid = {6CFB1BB2-501C-454E-B36D-EEF8F89D0663}
	EndGlobalSection
EndGlobal
