
Microsoft Visual Studio Solution File, Format Version 12.00
# Visual Studio Version 17
VisualStudioVersion = 17.7.34202.233
MinimumVisualStudioVersion = 10.0.40219.1
Project("{FAE04EC0-301F-11D3-BF4B-00C04F79EFBC}") = "Switch-case-Practice-Prg", "Switch-case-Practice-Prg\Switch-case-Practice-Prg.csproj", "{BADDD483-8076-4CAD-962C-6E18CE974C38}"
EndProject
Global
	GlobalSection(SolutionConfigurationPlatforms) = preSolution
		Debug|Any CPU = Debug|Any CPU
		Release|Any CPU = Release|Any CPU
	EndGlobalSection
	GlobalSection(ProjectConfigurationPlatforms) = postSolution
		{BADDD483-8076-4CAD-962C-6E18CE974C38}.Debug|Any CPU.ActiveCfg = Debug|Any CPU
		{BADDD483-8076-4CAD-962C-6E18CE974C38}.Debug|Any CPU.Build.0 = Debug|Any CPU
		{BADDD483-8076-4CAD-962C-6E18CE974C38}.Release|Any CPU.ActiveCfg = Release|Any CPU
		{BADDD483-8076-4CAD-962C-6E18CE974C38}.Release|Any CPU.Build.0 = Release|Any CPU
	EndGlobalSection
	GlobalSection(SolutionProperties) = preSolution
		HideSolutionNode = FALSE
	EndGlobalSection
	GlobalSection(ExtensibilityGlobals) = postSolution
		SolutionGuid = {018A4CF4-0688-4A8B-9FB0-234744762EFD}
	EndGlobalSection
EndGlobal
