
Microsoft Visual Studio Solution File, Format Version 12.00
# Visual Studio Version 17
VisualStudioVersion = 17.7.34202.233
MinimumVisualStudioVersion = 10.0.40219.1
Project("{FAE04EC0-301F-11D3-BF4B-00C04F79EFBC}") = "OOP-Classes&Obj-Prg", "OOP-Classes&Obj-Prg\OOP-Classes&Obj-Prg.csproj", "{63E9AE29-8F45-4E67-9CF1-593623D6EEDD}"
EndProject
Global
	GlobalSection(SolutionConfigurationPlatforms) = preSolution
		Debug|Any CPU = Debug|Any CPU
		Release|Any CPU = Release|Any CPU
	EndGlobalSection
	GlobalSection(ProjectConfigurationPlatforms) = postSolution
		{63E9AE29-8F45-4E67-9CF1-593623D6EEDD}.Debug|Any CPU.ActiveCfg = Debug|Any CPU
		{63E9AE29-8F45-4E67-9CF1-593623D6EEDD}.Debug|Any CPU.Build.0 = Debug|Any CPU
		{63E9AE29-8F45-4E67-9CF1-593623D6EEDD}.Release|Any CPU.ActiveCfg = Release|Any CPU
		{63E9AE29-8F45-4E67-9CF1-593623D6EEDD}.Release|Any CPU.Build.0 = Release|Any CPU
	EndGlobalSection
	GlobalSection(SolutionProperties) = preSolution
		HideSolutionNode = FALSE
	EndGlobalSection
	GlobalSection(ExtensibilityGlobals) = postSolution
		SolutionGuid = {AF8887FE-4895-4087-9A05-0C85CB283158}
	EndGlobalSection
EndGlobal
