
Microsoft Visual Studio Solution File, Format Version 12.00
# Visual Studio Version 17
VisualStudioVersion = 17.8.34309.116
MinimumVisualStudioVersion = 10.0.40219.1
Project("{FAE04EC0-301F-11D3-BF4B-00C04F79EFBC}") = "Calculator-Function-Prg", "Calculator-Function-Prg\Calculator-Function-Prg.csproj", "{0251EE20-1AD4-4169-85D8-A30DE268211C}"
EndProject
Global
	GlobalSection(SolutionConfigurationPlatforms) = preSolution
		Debug|Any CPU = Debug|Any CPU
		Release|Any CPU = Release|Any CPU
	EndGlobalSection
	GlobalSection(ProjectConfigurationPlatforms) = postSolution
		{0251EE20-1AD4-4169-85D8-A30DE268211C}.Debug|Any CPU.ActiveCfg = Debug|Any CPU
		{0251EE20-1AD4-4169-85D8-A30DE268211C}.Debug|Any CPU.Build.0 = Debug|Any CPU
		{0251EE20-1AD4-4169-85D8-A30DE268211C}.Release|Any CPU.ActiveCfg = Release|Any CPU
		{0251EE20-1AD4-4169-85D8-A30DE268211C}.Release|Any CPU.Build.0 = Release|Any CPU
	EndGlobalSection
	GlobalSection(SolutionProperties) = preSolution
		HideSolutionNode = FALSE
	EndGlobalSection
	GlobalSection(ExtensibilityGlobals) = postSolution
		SolutionGuid = {D8428197-428A-4E0A-8B7F-51EA22CBA08A}
	EndGlobalSection
EndGlobal
