
Microsoft Visual Studio Solution File, Format Version 12.00
# Visual Studio Version 17
VisualStudioVersion = 17.8.34309.116
MinimumVisualStudioVersion = 10.0.40219.1
Project("{FAE04EC0-301F-11D3-BF4B-00C04F79EFBC}") = "Login-Signup-Form-Page-Project1", "Login-Signup-Form-Page-Project1\Login-Signup-Form-Page-Project1.csproj", "{78D905CB-2A98-4486-9320-8DF20EE94C7B}"
EndProject
Global
	GlobalSection(SolutionConfigurationPlatforms) = preSolution
		Debug|Any CPU = Debug|Any CPU
		Release|Any CPU = Release|Any CPU
	EndGlobalSection
	GlobalSection(ProjectConfigurationPlatforms) = postSolution
		{78D905CB-2A98-4486-9320-8DF20EE94C7B}.Debug|Any CPU.ActiveCfg = Debug|Any CPU
		{78D905CB-2A98-4486-9320-8DF20EE94C7B}.Debug|Any CPU.Build.0 = Debug|Any CPU
		{78D905CB-2A98-4486-9320-8DF20EE94C7B}.Release|Any CPU.ActiveCfg = Release|Any CPU
		{78D905CB-2A98-4486-9320-8DF20EE94C7B}.Release|Any CPU.Build.0 = Release|Any CPU
	EndGlobalSection
	GlobalSection(SolutionProperties) = preSolution
		HideSolutionNode = FALSE
	EndGlobalSection
	GlobalSection(ExtensibilityGlobals) = postSolution
		SolutionGuid = {F080FDC7-2FA4-4AA9-B428-776BF6661AC4}
	EndGlobalSection
EndGlobal
