
Microsoft Visual Studio Solution File, Format Version 12.00
# Visual Studio Version 17
VisualStudioVersion = 17.8.34309.116
MinimumVisualStudioVersion = 10.0.40219.1
Project("{FAE04EC0-301F-11D3-BF4B-00C04F79EFBC}") = "RegistrationForm_Project", "RegistrationForm_Project\RegistrationForm_Project.csproj", "{F1BF8994-B73D-4A1B-8470-6487C02F4488}"
EndProject
Global
	GlobalSection(SolutionConfigurationPlatforms) = preSolution
		Debug|Any CPU = Debug|Any CPU
		Release|Any CPU = Release|Any CPU
	EndGlobalSection
	GlobalSection(ProjectConfigurationPlatforms) = postSolution
		{F1BF8994-B73D-4A1B-8470-6487C02F4488}.Debug|Any CPU.ActiveCfg = Debug|Any CPU
		{F1BF8994-B73D-4A1B-8470-6487C02F4488}.Debug|Any CPU.Build.0 = Debug|Any CPU
		{F1BF8994-B73D-4A1B-8470-6487C02F4488}.Release|Any CPU.ActiveCfg = Release|Any CPU
		{F1BF8994-B73D-4A1B-8470-6487C02F4488}.Release|Any CPU.Build.0 = Release|Any CPU
	EndGlobalSection
	GlobalSection(SolutionProperties) = preSolution
		HideSolutionNode = FALSE
	EndGlobalSection
	GlobalSection(ExtensibilityGlobals) = postSolution
		SolutionGuid = {02593206-3EF2-4F28-98C1-EE95E736F9AC}
	EndGlobalSection
EndGlobal
