
Microsoft Visual Studio Solution File, Format Version 12.00
# Visual Studio Version 17
VisualStudioVersion = 17.7.34202.233
MinimumVisualStudioVersion = 10.0.40219.1
Project("{FAE04EC0-301F-11D3-BF4B-00C04F79EFBC}") = "switch-case-Prg", "switch-case-Prg\switch-case-Prg.csproj", "{1489EE80-034A-4A4A-AEBD-249E31D973D8}"
EndProject
Global
	GlobalSection(SolutionConfigurationPlatforms) = preSolution
		Debug|Any CPU = Debug|Any CPU
		Release|Any CPU = Release|Any CPU
	EndGlobalSection
	GlobalSection(ProjectConfigurationPlatforms) = postSolution
		{1489EE80-034A-4A4A-AEBD-249E31D973D8}.Debug|Any CPU.ActiveCfg = Debug|Any CPU
		{1489EE80-034A-4A4A-AEBD-249E31D973D8}.Debug|Any CPU.Build.0 = Debug|Any CPU
		{1489EE80-034A-4A4A-AEBD-249E31D973D8}.Release|Any CPU.ActiveCfg = Release|Any CPU
		{1489EE80-034A-4A4A-AEBD-249E31D973D8}.Release|Any CPU.Build.0 = Release|Any CPU
	EndGlobalSection
	GlobalSection(SolutionProperties) = preSolution
		HideSolutionNode = FALSE
	EndGlobalSection
	GlobalSection(ExtensibilityGlobals) = postSolution
		SolutionGuid = {E822F762-D995-4B62-9C11-9C7A48BD98CA}
	EndGlobalSection
EndGlobal
