
Microsoft Visual Studio Solution File, Format Version 12.00
# Visual Studio Version 17
VisualStudioVersion = 17.7.34202.233
MinimumVisualStudioVersion = 10.0.40219.1
Project("{FAE04EC0-301F-11D3-BF4B-00C04F79EFBC}") = "For-Each-Prg", "For-Each-Prg\For-Each-Prg.csproj", "{0FE1D404-CBD4-4F27-9165-AF31BB0416EA}"
EndProject
Global
	GlobalSection(SolutionConfigurationPlatforms) = preSolution
		Debug|Any CPU = Debug|Any CPU
		Release|Any CPU = Release|Any CPU
	EndGlobalSection
	GlobalSection(ProjectConfigurationPlatforms) = postSolution
		{0FE1D404-CBD4-4F27-9165-AF31BB0416EA}.Debug|Any CPU.ActiveCfg = Debug|Any CPU
		{0FE1D404-CBD4-4F27-9165-AF31BB0416EA}.Debug|Any CPU.Build.0 = Debug|Any CPU
		{0FE1D404-CBD4-4F27-9165-AF31BB0416EA}.Release|Any CPU.ActiveCfg = Release|Any CPU
		{0FE1D404-CBD4-4F27-9165-AF31BB0416EA}.Release|Any CPU.Build.0 = Release|Any CPU
	EndGlobalSection
	GlobalSection(SolutionProperties) = preSolution
		HideSolutionNode = FALSE
	EndGlobalSection
	GlobalSection(ExtensibilityGlobals) = postSolution
		SolutionGuid = {F485D06E-34FD-4917-A251-A116BB9B2F1F}
	EndGlobalSection
EndGlobal
